{
  "name": "dataclean",
  "lockfileVersion": 3,
  "requires": true,
  "packages": {
    "": {
      "devDependencies": {
        "province-city-china": "^8.5.8"
      }
    },
    "node_modules/@province-city-china/types": {
      "version": "8.5.8",
      "resolved": "https://registry.npmmirror.com/@province-city-china/types/-/types-8.5.8.tgz",
      "integrity": "sha512-KZ3NyM8HsaBVcn5BRhWaOeZRhqEvm18PfB6HfRDuZfwwWhJLoTxB81mTENrBlONr2g8fy/fSbjsh44gvOj+/Lw==",
      "dev": true,
      "license": "MIT"
    },
    "node_modules/province-city-china": {
      "version": "8.5.8",
      "resolved": "https://registry.npmmirror.com/province-city-china/-/province-city-china-8.5.8.tgz",
      "integrity": "sha512-gUV5kSOWHVufemkq6lygb0ngNZ4snMcONmr3QzxHuj1MYOQPphiyjHplfmywcVGWdGQgim30RXia/mYB007eLg==",
      "dev": true,
      "license": "MIT",
      "dependencies": {
        "@province-city-china/types": "8.5.8"
      }
    }
  }
}
